
Microsoft Visual Studio Solution File, Format Version 12.00
# Visual Studio Version 16
VisualStudioVersion = 16.0.30804.86
MinimumVisualStudioVersion = 10.0.40219.1
Project("{9A19103F-16F7-4668-BE54-9A1E7A4F7556}") = "FancyPen", "FancyPen\FancyPen.csproj", "{DA9D8270-8464-4CCC-AC6B-E71ED2D02294}"
EndProject
Project("{FAE04EC0-301F-11D3-BF4B-00C04F79EFBC}") = "FancyPen.Playground", "FancyPen.Playground\FancyPen.Playground.csproj", "{B237FCDC-5383-4B64-9B89-F6736D03E25F}"
EndProject
Project("{FAE04EC0-301F-11D3-BF4B-00C04F79EFBC}") = "FancyPen.Tests", "FancyPen.Tests\FancyPen.Tests.csproj", "{457E2B65-025C-41A7-A896-712462EFC2C5}"
EndProject
Global
	GlobalSection(SolutionConfigurationPlatforms) = preSolution
		Debug|Any CPU = Debug|Any CPU
		Release|Any CPU = Release|Any CPU
	EndGlobalSection
	GlobalSection(ProjectConfigurationPlatforms) = postSolution
		{DA9D8270-8464-4CCC-AC6B-E71ED2D02294}.Debug|Any CPU.ActiveCfg = Debug|Any CPU
		{DA9D8270-8464-4CCC-AC6B-E71ED2D02294}.Debug|Any CPU.Build.0 = Debug|Any CPU
		{DA9D8270-8464-4CCC-AC6B-E71ED2D02294}.Release|Any CPU.ActiveCfg = Release|Any CPU
		{DA9D8270-8464-4CCC-AC6B-E71ED2D02294}.Release|Any CPU.Build.0 = Release|Any CPU
		{B237FCDC-5383-4B64-9B89-F6736D03E25F}.Debug|Any CPU.ActiveCfg = Debug|Any CPU
		{B237FCDC-5383-4B64-9B89-F6736D03E25F}.Debug|Any CPU.Build.0 = Debug|Any CPU
		{B237FCDC-5383-4B64-9B89-F6736D03E25F}.Release|Any CPU.ActiveCfg = Release|Any CPU
		{B237FCDC-5383-4B64-9B89-F6736D03E25F}.Release|Any CPU.Build.0 = Release|Any CPU
		{457E2B65-025C-41A7-A896-712462EFC2C5}.Debug|Any CPU.ActiveCfg = Debug|Any CPU
		{457E2B65-025C-41A7-A896-712462EFC2C5}.Debug|Any CPU.Build.0 = Debug|Any CPU
		{457E2B65-025C-41A7-A896-712462EFC2C5}.Release|Any CPU.ActiveCfg = Release|Any CPU
		{457E2B65-025C-41A7-A896-712462EFC2C5}.Release|Any CPU.Build.0 = Release|Any CPU
	EndGlobalSection
	GlobalSection(SolutionProperties) = preSolution
		HideSolutionNode = FALSE
	EndGlobalSection
	GlobalSection(ExtensibilityGlobals) = postSolution
		SolutionGuid = {76883404-185A-49D1-87FC-3C824C2B8EA6}
	EndGlobalSection
EndGlobal
